
Microsoft Visual Studio Solution File, Format Version 12.00
# Visual Studio Version 17
VisualStudioVersion = 17.3.32901.215
MinimumVisualStudioVersion = 10.0.40219.1
Project("{9A19103F-16F7-4668-BE54-9A1E7A4F7556}") = "Projectc1", "Projectc1.csproj", "{CC6B4F78-4D5E-4CC0-942F-0FC9A7BD5D95}"
EndProject
Project("{FAE04EC0-301F-11D3-BF4B-00C04F79EFBC}") = "ProCsharp", "..\ProCsharp\ProCsharp.csproj", "{FAABA449-C632-4762-BE55-D226C915B569}"
EndProject
Global
	GlobalSection(SolutionConfigurationPlatforms) = preSolution
		Debug|Any CPU = Debug|Any CPU
		Release|Any CPU = Release|Any CPU
	EndGlobalSection
	GlobalSection(ProjectConfigurationPlatforms) = postSolution
		{CC6B4F78-4D5E-4CC0-942F-0FC9A7BD5D95}.Debug|Any CPU.ActiveCfg = Debug|Any CPU
		{CC6B4F78-4D5E-4CC0-942F-0FC9A7BD5D95}.Debug|Any CPU.Build.0 = Debug|Any CPU
		{CC6B4F78-4D5E-4CC0-942F-0FC9A7BD5D95}.Release|Any CPU.ActiveCfg = Release|Any CPU
		{CC6B4F78-4D5E-4CC0-942F-0FC9A7BD5D95}.Release|Any CPU.Build.0 = Release|Any CPU
		{FAABA449-C632-4762-BE55-D226C915B569}.Debug|Any CPU.ActiveCfg = Debug|Any CPU
		{FAABA449-C632-4762-BE55-D226C915B569}.Debug|Any CPU.Build.0 = Debug|Any CPU
		{FAABA449-C632-4762-BE55-D226C915B569}.Release|Any CPU.ActiveCfg = Release|Any CPU
		{FAABA449-C632-4762-BE55-D226C915B569}.Release|Any CPU.Build.0 = Release|Any CPU
	EndGlobalSection
	GlobalSection(SolutionProperties) = preSolution
		HideSolutionNode = FALSE
	EndGlobalSection
	GlobalSection(ExtensibilityGlobals) = postSolution
		SolutionGuid = {DEC28F54-B7C9-42FF-9A15-0AA94F6F01DB}
	EndGlobalSection
EndGlobal
